
Microsoft Visual Studio Solution File, Format Version 12.00
# Visual Studio 2017
Project("{FAE04EC0-301F-11D3-BF4B-00C04F79EFBC}") = "AOS-Heroes", "AOS-Heroes.csproj", "{DAFB3043-30C7-CACD-BFF5-51E9B1093570}"
EndProject
Global
	GlobalSection(SolutionConfigurationPlatforms) = preSolution
		Debug|Any CPU = Debug|Any CPU
		Release|Any CPU = Release|Any CPU
	EndGlobalSection
	GlobalSection(ProjectConfigurationPlatforms) = postSolution
		{DAFB3043-30C7-CACD-BFF5-51E9B1093570}.Debug|Any CPU.ActiveCfg = Debug|Any CPU
		{DAFB3043-30C7-CACD-BFF5-51E9B1093570}.Debug|Any CPU.Build.0 = Debug|Any CPU
		{DAFB3043-30C7-CACD-BFF5-51E9B1093570}.Release|Any CPU.ActiveCfg = Release|Any CPU
		{DAFB3043-30C7-CACD-BFF5-51E9B1093570}.Release|Any CPU.Build.0 = Release|Any CPU
	EndGlobalSection
	GlobalSection(SolutionProperties) = preSolution
		HideSolutionNode = FALSE
	EndGlobalSection
EndGlobal
